
Microsoft Visual Studio Solution File, Format Version 12.00
# Visual Studio Version 17
VisualStudioVersion = 17.2.32519.379
MinimumVisualStudioVersion = 10.0.40219.1
Project("{FAE04EC0-301F-11D3-BF4B-00C04F79EFBC}") = "InveMan.API", "InveMan.API\InveMan.API.csproj", "{A580219B-052E-47F9-8FA6-10C66C94506C}"
EndProject
Global
	GlobalSection(SolutionConfigurationPlatforms) = preSolution
		Debug|Any CPU = Debug|Any CPU
		Release|Any CPU = Release|Any CPU
	EndGlobalSection
	GlobalSection(ProjectConfigurationPlatforms) = postSolution
		{A580219B-052E-47F9-8FA6-10C66C94506C}.Debug|Any CPU.ActiveCfg = Debug|Any CPU
		{A580219B-052E-47F9-8FA6-10C66C94506C}.Debug|Any CPU.Build.0 = Debug|Any CPU
		{A580219B-052E-47F9-8FA6-10C66C94506C}.Release|Any CPU.ActiveCfg = Release|Any CPU
		{A580219B-052E-47F9-8FA6-10C66C94506C}.Release|Any CPU.Build.0 = Release|Any CPU
	EndGlobalSection
	GlobalSection(SolutionProperties) = preSolution
		HideSolutionNode = FALSE
	EndGlobalSection
	GlobalSection(ExtensibilityGlobals) = postSolution
		SolutionGuid = {58AA20A1-5AF3-4F60-95C8-4F7B28D9B837}
	EndGlobalSection
EndGlobal
